// !$*UTF8*$!
{
	archiveVersion = 1;
	classes = {
	};
	objectVersion = 50;
	objects = {

/* Begin PBXBuildFile section */
		57F13FF5AAD941F142480644 /* Pods_Tabula.framework in Frameworks */ = {isa = PBXBuildFile; fileRef = F34D020329EEEBC258EA20CB /* Pods_Tabula.framework */; };
		5F12CD6F218DAA6A002D7823 /* PromotionsTabController.swift in Sources */ = {isa = PBXBuildFile; fileRef = 5F12CD6E218DAA6A002D7823 /* PromotionsTabController.swift */; };
		5F12CD72218DB51C002D7823 /* PromotionCollectionController.swift in Sources */ = {isa = PBXBuildFile; fileRef = 5F12CD71218DB51C002D7823 /* PromotionCollectionController.swift */; };
		5F12CD75218E0A64002D7823 /* PromotionCardType1Cell.swift in Sources */ = {isa = PBXBuildFile; fileRef = 5F12CD74218E0A64002D7823 /* PromotionCardType1Cell.swift */; };
		5F12CD77218E0A74002D7823 /* PromotionCardType2Cell.swift in Sources */ = {isa = PBXBuildFile; fileRef = 5F12CD76218E0A74002D7823 /* PromotionCardType2Cell.swift */; };
		5F12CD79218E0A81002D7823 /* PromotionCardType3Cell.swift in Sources */ = {isa = PBXBuildFile; fileRef = 5F12CD78218E0A81002D7823 /* PromotionCardType3Cell.swift */; };
		5F12CD7B218E2478002D7823 /* MainController.swift in Sources */ = {isa = PBXBuildFile; fileRef = 5F12CD7A218E2478002D7823 /* MainController.swift */; };
		5F25F048218A5DB900F6DA99 /* ReviewPopUpController.swift in Sources */ = {isa = PBXBuildFile; fileRef = 5F25F047218A5DB900F6DA99 /* ReviewPopUpController.swift */; };
		5F2669EA216F9B2E00E6D652 /* RegistrationController.swift in Sources */ = {isa = PBXBuildFile; fileRef = 5F2669E9216F9B2E00E6D652 /* RegistrationController.swift */; };
		5F2669EC216FA98600E6D652 /* LoginController.swift in Sources */ = {isa = PBXBuildFile; fileRef = 5F2669EB216FA98600E6D652 /* LoginController.swift */; };
		5F3A3FA32170A0CB00E255C2 /* credentials.plist in Resources */ = {isa = PBXBuildFile; fileRef = 5F3A3FA22170A0CB00E255C2 /* credentials.plist */; };
		5F5A760D21807B8E00FDBA6F /* NetworkServices.swift in Sources */ = {isa = PBXBuildFile; fileRef = 5F5A760C21807B8E00FDBA6F /* NetworkServices.swift */; };
		5F5A760F21808B9600FDBA6F /* Models.swift in Sources */ = {isa = PBXBuildFile; fileRef = 5F5A760E21808B9600FDBA6F /* Models.swift */; };
		5F5A761121808C4300FDBA6F /* Extensions.swift in Sources */ = {isa = PBXBuildFile; fileRef = 5F5A761021808C4300FDBA6F /* Extensions.swift */; };
		5F60375C2176136400709C69 /* ContainerViewController.swift in Sources */ = {isa = PBXBuildFile; fileRef = 5F60375A2176136400709C69 /* ContainerViewController.swift */; };
		5F60375D2176136400709C69 /* EmptySegue.swift in Sources */ = {isa = PBXBuildFile; fileRef = 5F60375B2176136400709C69 /* EmptySegue.swift */; };
		5F716083216A457000179291 /* AppDelegate.swift in Sources */ = {isa = PBXBuildFile; fileRef = 5F716082216A457000179291 /* AppDelegate.swift */; };
		5F716088216A457000179291 /* Main.storyboard in Resources */ = {isa = PBXBuildFile; fileRef = 5F716086216A457000179291 /* Main.storyboard */; };
		5F71608A216A457200179291 /* Assets.xcassets in Resources */ = {isa = PBXBuildFile; fileRef = 5F716089216A457200179291 /* Assets.xcassets */; };
		5F71608D216A457200179291 /* LaunchScreen.storyboard in Resources */ = {isa = PBXBuildFile; fileRef = 5F71608B216A457200179291 /* LaunchScreen.storyboard */; };
		5F716098216A457200179291 /* TabulaTests.swift in Sources */ = {isa = PBXBuildFile; fileRef = 5F716097216A457200179291 /* TabulaTests.swift */; };
		5F7160A3216A457200179291 /* TabulaUITests.swift in Sources */ = {isa = PBXBuildFile; fileRef = 5F7160A2216A457200179291 /* TabulaUITests.swift */; };
		5F7CBED721727702002F6E9E /* CategoriesCell.swift in Sources */ = {isa = PBXBuildFile; fileRef = 5F7CBED621727702002F6E9E /* CategoriesCell.swift */; };
		5F7CBED92172779B002F6E9E /* CategoriesController.swift in Sources */ = {isa = PBXBuildFile; fileRef = 5F7CBED82172779B002F6E9E /* CategoriesController.swift */; };
		5F7CBEDB21727C55002F6E9E /* SpecificCategoryController.swift in Sources */ = {isa = PBXBuildFile; fileRef = 5F7CBEDA21727C55002F6E9E /* SpecificCategoryController.swift */; };
		5F7CBEDD21727C74002F6E9E /* SpecificCategoryCell.swift in Sources */ = {isa = PBXBuildFile; fileRef = 5F7CBEDC21727C74002F6E9E /* SpecificCategoryCell.swift */; };
		5F7CBEE321738867002F6E9E /* CategoriesTabController.swift in Sources */ = {isa = PBXBuildFile; fileRef = 5F7CBEE221738867002F6E9E /* CategoriesTabController.swift */; };
		5F8C343A21773478006370F1 /* SpecificController.swift in Sources */ = {isa = PBXBuildFile; fileRef = 5F8C343921773478006370F1 /* SpecificController.swift */; };
		5F8C343C21775F67006370F1 /* ServicesController.swift in Sources */ = {isa = PBXBuildFile; fileRef = 5F8C343B21775F67006370F1 /* ServicesController.swift */; };
		5F8C343E21775F7C006370F1 /* ReviewsController.swift in Sources */ = {isa = PBXBuildFile; fileRef = 5F8C343D21775F7C006370F1 /* ReviewsController.swift */; };
		5F8C344021776128006370F1 /* ReviewCell.swift in Sources */ = {isa = PBXBuildFile; fileRef = 5F8C343F21776128006370F1 /* ReviewCell.swift */; };
		5F8C344221776139006370F1 /* ServiceCell.swift in Sources */ = {isa = PBXBuildFile; fileRef = 5F8C344121776139006370F1 /* ServiceCell.swift */; };
		5F8C346B217890B8006370F1 /* AccountController.swift in Sources */ = {isa = PBXBuildFile; fileRef = 5F8C346A217890B8006370F1 /* AccountController.swift */; };
		5FA62E012185B71800531124 /* UIViewXRadialGradient.swift in Sources */ = {isa = PBXBuildFile; fileRef = 5FA62DF72185B71800531124 /* UIViewXRadialGradient.swift */; };
		5FA62E022185B71800531124 /* UITextFieldX.swift in Sources */ = {isa = PBXBuildFile; fileRef = 5FA62DF82185B71800531124 /* UITextFieldX.swift */; };
		5FA62E032185B71800531124 /* UIButtonX.swift in Sources */ = {isa = PBXBuildFile; fileRef = 5FA62DF92185B71800531124 /* UIButtonX.swift */; };
		5FA62E042185B71800531124 /* UILabelX.swift in Sources */ = {isa = PBXBuildFile; fileRef = 5FA62DFA2185B71800531124 /* UILabelX.swift */; };
		5FA62E052185B71800531124 /* UIViewAnchorPoint.swift in Sources */ = {isa = PBXBuildFile; fileRef = 5FA62DFB2185B71800531124 /* UIViewAnchorPoint.swift */; };
		5FA62E062185B71800531124 /* UIViewControllerX.swift in Sources */ = {isa = PBXBuildFile; fileRef = 5FA62DFC2185B71800531124 /* UIViewControllerX.swift */; };
		5FA62E072185B71800531124 /* UIImageViewX.swift in Sources */ = {isa = PBXBuildFile; fileRef = 5FA62DFD2185B71800531124 /* UIImageViewX.swift */; };
		5FA62E082185B71800531124 /* UIViewX.swift in Sources */ = {isa = PBXBuildFile; fileRef = 5FA62DFE2185B71800531124 /* UIViewX.swift */; };
		5FA62E092185B71800531124 /* UIVisualEffectViewX.swift in Sources */ = {isa = PBXBuildFile; fileRef = 5FA62DFF2185B71800531124 /* UIVisualEffectViewX.swift */; };
		5FA62E0A2185B71800531124 /* UISliderX.swift in Sources */ = {isa = PBXBuildFile; fileRef = 5FA62E002185B71800531124 /* UISliderX.swift */; };
		5FA62E0D2185B75700531124 /* CustomButton.swift in Sources */ = {isa = PBXBuildFile; fileRef = 5FA62E0C2185B75700531124 /* CustomButton.swift */; };
		5FA62E102185C43600531124 /* CustomCellFilter.swift in Sources */ = {isa = PBXBuildFile; fileRef = 5FA62E0F2185C43600531124 /* CustomCellFilter.swift */; };
		825EEBF9BA808E9E72ABF1A2 /* Pods_TabulaUITests.framework in Frameworks */ = {isa = PBXBuildFile; fileRef = EADAAE8C9367ED400D6C3CCD /* Pods_TabulaUITests.framework */; };
		BF93F623F0E4C4B1871B8F80 /* Pods_TabulaTests.framework in Frameworks */ = {isa = PBXBuildFile; fileRef = A3CC6819A4CE48CD19104F89 /* Pods_TabulaTests.framework */; };
/* End PBXBuildFile section */

/* Begin PBXContainerItemProxy section */
		5F716094216A457200179291 /* PBXContainerItemProxy */ = {
			isa = PBXContainerItemProxy;
			containerPortal = 5F716077216A457000179291 /* Project object */;
			proxyType = 1;
			remoteGlobalIDString = 5F71607E216A457000179291;
			remoteInfo = Tabula;
		};
		5F71609F216A457200179291 /* PBXContainerItemProxy */ = {
			isa = PBXContainerItemProxy;
			containerPortal = 5F716077216A457000179291 /* Project object */;
			proxyType = 1;
			remoteGlobalIDString = 5F71607E216A457000179291;
			remoteInfo = Tabula;
		};
/* End PBXContainerItemProxy section */

/* Begin PBXFileReference section */
		11984828087B18DBC498E150 /* Pods-TabulaUITests.debug.xcconfig */ = {isa = PBXFileReference; includeInIndex = 1; lastKnownFileType = text.xcconfig; name = "Pods-TabulaUITests.debug.xcconfig"; path = "Pods/Target Support Files/Pods-TabulaUITests/Pods-TabulaUITests.debug.xcconfig"; sourceTree = "<group>"; };
		250427B62C2592B12DD5C4D7 /* Pods-TabulaTests.debug.xcconfig */ = {isa = PBXFileReference; includeInIndex = 1; lastKnownFileType = text.xcconfig; name = "Pods-TabulaTests.debug.xcconfig"; path = "Pods/Target Support Files/Pods-TabulaTests/Pods-TabulaTests.debug.xcconfig"; sourceTree = "<group>"; };
		51976813264EDFDAC700F3AF /* Pods-Tabula.release.xcconfig */ = {isa = PBXFileReference; includeInIndex = 1; lastKnownFileType = text.xcconfig; name = "Pods-Tabula.release.xcconfig"; path = "Pods/Target Support Files/Pods-Tabula/Pods-Tabula.release.xcconfig"; sourceTree = "<group>"; };
		5F12CD6E218DAA6A002D7823 /* PromotionsTabController.swift */ = {isa = PBXFileReference; lastKnownFileType = sourcecode.swift; path = PromotionsTabController.swift; sourceTree = "<group>"; };
		5F12CD71218DB51C002D7823 /* PromotionCollectionController.swift */ = {isa = PBXFileReference; lastKnownFileType = sourcecode.swift; path = PromotionCollectionController.swift; sourceTree = "<group>"; };
		5F12CD74218E0A64002D7823 /* PromotionCardType1Cell.swift */ = {isa = PBXFileReference; lastKnownFileType = sourcecode.swift; path = PromotionCardType1Cell.swift; sourceTree = "<group>"; };
		5F12CD76218E0A74002D7823 /* PromotionCardType2Cell.swift */ = {isa = PBXFileReference; lastKnownFileType = sourcecode.swift; path = PromotionCardType2Cell.swift; sourceTree = "<group>"; };
		5F12CD78218E0A81002D7823 /* PromotionCardType3Cell.swift */ = {isa = PBXFileReference; lastKnownFileType = sourcecode.swift; path = PromotionCardType3Cell.swift; sourceTree = "<group>"; };
		5F12CD7A218E2478002D7823 /* MainController.swift */ = {isa = PBXFileReference; lastKnownFileType = sourcecode.swift; path = MainController.swift; sourceTree = "<group>"; };
		5F25F047218A5DB900F6DA99 /* ReviewPopUpController.swift */ = {isa = PBXFileReference; lastKnownFileType = sourcecode.swift; path = ReviewPopUpController.swift; sourceTree = "<group>"; };
		5F2669E9216F9B2E00E6D652 /* RegistrationController.swift */ = {isa = PBXFileReference; lastKnownFileType = sourcecode.swift; path = RegistrationController.swift; sourceTree = "<group>"; };
		5F2669EB216FA98600E6D652 /* LoginController.swift */ = {isa = PBXFileReference; lastKnownFileType = sourcecode.swift; path = LoginController.swift; sourceTree = "<group>"; };
		5F3A3FA22170A0CB00E255C2 /* credentials.plist */ = {isa = PBXFileReference; fileEncoding = 4; lastKnownFileType = text.plist.xml; path = credentials.plist; sourceTree = "<group>"; };
		5F5A760C21807B8E00FDBA6F /* NetworkServices.swift */ = {isa = PBXFileReference; lastKnownFileType = sourcecode.swift; path = NetworkServices.swift; sourceTree = "<group>"; };
		5F5A760E21808B9600FDBA6F /* Models.swift */ = {isa = PBXFileReference; lastKnownFileType = sourcecode.swift; path = Models.swift; sourceTree = "<group>"; };
		5F5A761021808C4300FDBA6F /* Extensions.swift */ = {isa = PBXFileReference; lastKnownFileType = sourcecode.swift; path = Extensions.swift; sourceTree = "<group>"; };
		5F60375A2176136400709C69 /* ContainerViewController.swift */ = {isa = PBXFileReference; fileEncoding = 4; lastKnownFileType = sourcecode.swift; path = ContainerViewController.swift; sourceTree = "<group>"; };
		5F60375B2176136400709C69 /* EmptySegue.swift */ = {isa = PBXFileReference; fileEncoding = 4; lastKnownFileType = sourcecode.swift; path = EmptySegue.swift; sourceTree = "<group>"; };
		5F71607F216A457000179291 /* Tabula.app */ = {isa = PBXFileReference; explicitFileType = wrapper.application; includeInIndex = 0; path = Tabula.app; sourceTree = BUILT_PRODUCTS_DIR; };
		5F716082216A457000179291 /* AppDelegate.swift */ = {isa = PBXFileReference; lastKnownFileType = sourcecode.swift; path = AppDelegate.swift; sourceTree = "<group>"; };
		5F716087216A457000179291 /* Base */ = {isa = PBXFileReference; lastKnownFileType = file.storyboard; name = Base; path = Base.lproj/Main.storyboard; sourceTree = "<group>"; };
		5F716089216A457200179291 /* Assets.xcassets */ = {isa = PBXFileReference; lastKnownFileType = folder.assetcatalog; path = Assets.xcassets; sourceTree = "<group>"; };
		5F71608C216A457200179291 /* Base */ = {isa = PBXFileReference; lastKnownFileType = file.storyboard; name = Base; path = Base.lproj/LaunchScreen.storyboard; sourceTree = "<group>"; };
		5F71608E216A457200179291 /* Info.plist */ = {isa = PBXFileReference; lastKnownFileType = text.plist.xml; path = Info.plist; sourceTree = "<group>"; };
		5F716093216A457200179291 /* TabulaTests.xctest */ = {isa = PBXFileReference; explicitFileType = wrapper.cfbundle; includeInIndex = 0; path = TabulaTests.xctest; sourceTree = BUILT_PRODUCTS_DIR; };
		5F716097216A457200179291 /* TabulaTests.swift */ = {isa = PBXFileReference; lastKnownFileType = sourcecode.swift; path = TabulaTests.swift; sourceTree = "<group>"; };
		5F716099216A457200179291 /* Info.plist */ = {isa = PBXFileReference; lastKnownFileType = text.plist.xml; path = Info.plist; sourceTree = "<group>"; };
		5F71609E216A457200179291 /* TabulaUITests.xctest */ = {isa = PBXFileReference; explicitFileType = wrapper.cfbundle; includeInIndex = 0; path = TabulaUITests.xctest; sourceTree = BUILT_PRODUCTS_DIR; };
		5F7160A2216A457200179291 /* TabulaUITests.swift */ = {isa = PBXFileReference; lastKnownFileType = sourcecode.swift; path = TabulaUITests.swift; sourceTree = "<group>"; };
		5F7160A4216A457200179291 /* Info.plist */ = {isa = PBXFileReference; lastKnownFileType = text.plist.xml; path = Info.plist; sourceTree = "<group>"; };
		5F7CBED621727702002F6E9E /* CategoriesCell.swift */ = {isa = PBXFileReference; lastKnownFileType = sourcecode.swift; path = CategoriesCell.swift; sourceTree = "<group>"; };
		5F7CBED82172779B002F6E9E /* CategoriesController.swift */ = {isa = PBXFileReference; lastKnownFileType = sourcecode.swift; path = CategoriesController.swift; sourceTree = "<group>"; };
		5F7CBEDA21727C55002F6E9E /* SpecificCategoryController.swift */ = {isa = PBXFileReference; lastKnownFileType = sourcecode.swift; path = SpecificCategoryController.swift; sourceTree = "<group>"; };
		5F7CBEDC21727C74002F6E9E /* SpecificCategoryCell.swift */ = {isa = PBXFileReference; lastKnownFileType = sourcecode.swift; path = SpecificCategoryCell.swift; sourceTree = "<group>"; };
		5F7CBEE221738867002F6E9E /* CategoriesTabController.swift */ = {isa = PBXFileReference; lastKnownFileType = sourcecode.swift; path = CategoriesTabController.swift; sourceTree = "<group>"; };
		5F8C343921773478006370F1 /* SpecificController.swift */ = {isa = PBXFileReference; lastKnownFileType = sourcecode.swift; path = SpecificController.swift; sourceTree = "<group>"; };
		5F8C343B21775F67006370F1 /* ServicesController.swift */ = {isa = PBXFileReference; lastKnownFileType = sourcecode.swift; path = ServicesController.swift; sourceTree = "<group>"; };
		5F8C343D21775F7C006370F1 /* ReviewsController.swift */ = {isa = PBXFileReference; lastKnownFileType = sourcecode.swift; path = ReviewsController.swift; sourceTree = "<group>"; };
		5F8C343F21776128006370F1 /* ReviewCell.swift */ = {isa = PBXFileReference; lastKnownFileType = sourcecode.swift; path = ReviewCell.swift; sourceTree = "<group>"; };
		5F8C344121776139006370F1 /* ServiceCell.swift */ = {isa = PBXFileReference; lastKnownFileType = sourcecode.swift; path = ServiceCell.swift; sourceTree = "<group>"; };
		5F8C346A217890B8006370F1 /* AccountController.swift */ = {isa = PBXFileReference; lastKnownFileType = sourcecode.swift; path = AccountController.swift; sourceTree = "<group>"; };
		5FA62DF72185B71800531124 /* UIViewXRadialGradient.swift */ = {isa = PBXFileReference; fileEncoding = 4; lastKnownFileType = sourcecode.swift; path = UIViewXRadialGradient.swift; sourceTree = "<group>"; };
		5FA62DF82185B71800531124 /* UITextFieldX.swift */ = {isa = PBXFileReference; fileEncoding = 4; lastKnownFileType = sourcecode.swift; path = UITextFieldX.swift; sourceTree = "<group>"; };
		5FA62DF92185B71800531124 /* UIButtonX.swift */ = {isa = PBXFileReference; fileEncoding = 4; lastKnownFileType = sourcecode.swift; path = UIButtonX.swift; sourceTree = "<group>"; };
		5FA62DFA2185B71800531124 /* UILabelX.swift */ = {isa = PBXFileReference; fileEncoding = 4; lastKnownFileType = sourcecode.swift; path = UILabelX.swift; sourceTree = "<group>"; };
		5FA62DFB2185B71800531124 /* UIViewAnchorPoint.swift */ = {isa = PBXFileReference; fileEncoding = 4; lastKnownFileType = sourcecode.swift; path = UIViewAnchorPoint.swift; sourceTree = "<group>"; };
		5FA62DFC2185B71800531124 /* UIViewControllerX.swift */ = {isa = PBXFileReference; fileEncoding = 4; lastKnownFileType = sourcecode.swift; path = UIViewControllerX.swift; sourceTree = "<group>"; };
		5FA62DFD2185B71800531124 /* UIImageViewX.swift */ = {isa = PBXFileReference; fileEncoding = 4; lastKnownFileType = sourcecode.swift; path = UIImageViewX.swift; sourceTree = "<group>"; };
		5FA62DFE2185B71800531124 /* UIViewX.swift */ = {isa = PBXFileReference; fileEncoding = 4; lastKnownFileType = sourcecode.swift; path = UIViewX.swift; sourceTree = "<group>"; };
		5FA62DFF2185B71800531124 /* UIVisualEffectViewX.swift */ = {isa = PBXFileReference; fileEncoding = 4; lastKnownFileType = sourcecode.swift; path = UIVisualEffectViewX.swift; sourceTree = "<group>"; };
		5FA62E002185B71800531124 /* UISliderX.swift */ = {isa = PBXFileReference; fileEncoding = 4; lastKnownFileType = sourcecode.swift; path = UISliderX.swift; sourceTree = "<group>"; };
		5FA62E0C2185B75700531124 /* CustomButton.swift */ = {isa = PBXFileReference; fileEncoding = 4; lastKnownFileType = sourcecode.swift; path = CustomButton.swift; sourceTree = "<group>"; };
		5FA62E0F2185C43600531124 /* CustomCellFilter.swift */ = {isa = PBXFileReference; lastKnownFileType = sourcecode.swift; path = CustomCellFilter.swift; sourceTree = "<group>"; };
		A1F6205EB45295EBB020862C /* Pods-TabulaUITests.release.xcconfig */ = {isa = PBXFileReference; includeInIndex = 1; lastKnownFileType = text.xcconfig; name = "Pods-TabulaUITests.release.xcconfig"; path = "Pods/Target Support Files/Pods-TabulaUITests/Pods-TabulaUITests.release.xcconfig"; sourceTree = "<group>"; };
		A3CC6819A4CE48CD19104F89 /* Pods_TabulaTests.framework */ = {isa = PBXFileReference; explicitFileType = wrapper.framework; includeInIndex = 0; path = Pods_TabulaTests.framework; sourceTree = BUILT_PRODUCTS_DIR; };
		E7D1983DCE0EB69C01DD8041 /* Pods-Tabula.debug.xcconfig */ = {isa = PBXFileReference; includeInIndex = 1; lastKnownFileType = text.xcconfig; name = "Pods-Tabula.debug.xcconfig"; path = "Pods/Target Support Files/Pods-Tabula/Pods-Tabula.debug.xcconfig"; sourceTree = "<group>"; };
		EADAAE8C9367ED400D6C3CCD /* Pods_TabulaUITests.framework */ = {isa = PBXFileReference; explicitFileType = wrapper.framework; includeInIndex = 0; path = Pods_TabulaUITests.framework; sourceTree = BUILT_PRODUCTS_DIR; };
		F34D020329EEEBC258EA20CB /* Pods_Tabula.framework */ = {isa = PBXFileReference; explicitFileType = wrapper.framework; includeInIndex = 0; path = Pods_Tabula.framework; sourceTree = BUILT_PRODUCTS_DIR; };
		FFB67B4D743EBBF7B46C0E00 /* Pods-TabulaTests.release.xcconfig */ = {isa = PBXFileReference; includeInIndex = 1; lastKnownFileType = text.xcconfig; name = "Pods-TabulaTests.release.xcconfig"; path = "Pods/Target Support Files/Pods-TabulaTests/Pods-TabulaTests.release.xcconfig"; sourceTree = "<group>"; };
/* End PBXFileReference section */

/* Begin PBXFrameworksBuildPhase section */
		5F71607C216A457000179291 /* Frameworks */ = {
			isa = PBXFrameworksBuildPhase;
			buildActionMask = 2147483647;
			files = (
				57F13FF5AAD941F142480644 /* Pods_Tabula.framework in Frameworks */,
			);
			runOnlyForDeploymentPostprocessing = 0;
		};
		5F716090216A457200179291 /* Frameworks */ = {
			isa = PBXFrameworksBuildPhase;
			buildActionMask = 2147483647;
			files = (
				BF93F623F0E4C4B1871B8F80 /* Pods_TabulaTests.framework in Frameworks */,
			);
			runOnlyForDeploymentPostprocessing = 0;
		};
		5F71609B216A457200179291 /* Frameworks */ = {
			isa = PBXFrameworksBuildPhase;
			buildActionMask = 2147483647;
			files = (
				825EEBF9BA808E9E72ABF1A2 /* Pods_TabulaUITests.framework in Frameworks */,
			);
			runOnlyForDeploymentPostprocessing = 0;
		};
/* End PBXFrameworksBuildPhase section */

/* Begin PBXGroup section */
		5F12CD6D218DAA31002D7823 /* TabControllers */ = {
			isa = PBXGroup;
			children = (
				5F7CBEE221738867002F6E9E /* CategoriesTabController.swift */,
				5F12CD6E218DAA6A002D7823 /* PromotionsTabController.swift */,
			);
			path = TabControllers;
			sourceTree = "<group>";
		};
		5F12CD70218DB506002D7823 /* PromotionTabContainerControllers */ = {
			isa = PBXGroup;
			children = (
				5F12CD71218DB51C002D7823 /* PromotionCollectionController.swift */,
			);
			path = PromotionTabContainerControllers;
			sourceTree = "<group>";
		};
		5F25F046218A5D8D00F6DA99 /* PopUpWindows */ = {
			isa = PBXGroup;
			children = (
				5F25F047218A5DB900F6DA99 /* ReviewPopUpController.swift */,
			);
			path = PopUpWindows;
			sourceTree = "<group>";
		};
		5F60375E2176137600709C69 /* CustomContainer */ = {
			isa = PBXGroup;
			children = (
				5F60375A2176136400709C69 /* ContainerViewController.swift */,
				5F60375B2176136400709C69 /* EmptySegue.swift */,
			);
			path = CustomContainer;
			sourceTree = "<group>";
		};
		5F716076216A457000179291 = {
			isa = PBXGroup;
			children = (
				5F716081216A457000179291 /* Tabula */,
				5F716096216A457200179291 /* TabulaTests */,
				5F7160A1216A457200179291 /* TabulaUITests */,
				5F716080216A457000179291 /* Products */,
				A903604F7E7AD47BA15E3BD1 /* Pods */,
				68574AD39ACBC4F8F5E5F752 /* Frameworks */,
			);
			sourceTree = "<group>";
		};
		5F716080216A457000179291 /* Products */ = {
			isa = PBXGroup;
			children = (
				5F71607F216A457000179291 /* Tabula.app */,
				5F716093216A457200179291 /* TabulaTests.xctest */,
				5F71609E216A457200179291 /* TabulaUITests.xctest */,
			);
			name = Products;
			sourceTree = "<group>";
		};
		5F716081216A457000179291 /* Tabula */ = {
			isa = PBXGroup;
			children = (
				5F12CD70218DB506002D7823 /* PromotionTabContainerControllers */,
				5F12CD6D218DAA31002D7823 /* TabControllers */,
				5F25F046218A5D8D00F6DA99 /* PopUpWindows */,
				5FA62E0B2185B74700531124 /* CustomControls */,
				5FA62DF62185B71800531124 /* DesignableX */,
				5F60375E2176137600709C69 /* CustomContainer */,
				5F7CBED5217276E4002F6E9E /* CustomCells */,
				5F3A3FA22170A0CB00E255C2 /* credentials.plist */,
				5F716082216A457000179291 /* AppDelegate.swift */,
				5F716086216A457000179291 /* Main.storyboard */,
				5F716089216A457200179291 /* Assets.xcassets */,
				5F71608B216A457200179291 /* LaunchScreen.storyboard */,
				5F71608E216A457200179291 /* Info.plist */,
				5F8C346721788C58006370F1 /* IntroControllers */,
				5F8C346521788BF9006370F1 /* CategoriesTabContainerControllers */,
				5FA62E0E2185B77200531124 /* AccountControllers */,
				5F5A760C21807B8E00FDBA6F /* NetworkServices.swift */,
				5F5A760E21808B9600FDBA6F /* Models.swift */,
				5F5A761021808C4300FDBA6F /* Extensions.swift */,
				5F12CD7A218E2478002D7823 /* MainController.swift */,
			);
			path = Tabula;
			sourceTree = "<group>";
		};
		5F716096216A457200179291 /* TabulaTests */ = {
			isa = PBXGroup;
			children = (
				5F716097216A457200179291 /* TabulaTests.swift */,
				5F716099216A457200179291 /* Info.plist */,
			);
			path = TabulaTests;
			sourceTree = "<group>";
		};
		5F7160A1216A457200179291 /* TabulaUITests */ = {
			isa = PBXGroup;
			children = (
				5F7160A2216A457200179291 /* TabulaUITests.swift */,
				5F7160A4216A457200179291 /* Info.plist */,
			);
			path = TabulaUITests;
			sourceTree = "<group>";
		};
		5F7CBED5217276E4002F6E9E /* CustomCells */ = {
			isa = PBXGroup;
			children = (
				5F7CBED621727702002F6E9E /* CategoriesCell.swift */,
				5F7CBEDC21727C74002F6E9E /* SpecificCategoryCell.swift */,
				5F8C343F21776128006370F1 /* ReviewCell.swift */,
				5F8C344121776139006370F1 /* ServiceCell.swift */,
				5FA62E0F2185C43600531124 /* CustomCellFilter.swift */,
				5F12CD74218E0A64002D7823 /* PromotionCardType1Cell.swift */,
				5F12CD76218E0A74002D7823 /* PromotionCardType2Cell.swift */,
				5F12CD78218E0A81002D7823 /* PromotionCardType3Cell.swift */,
			);
			path = CustomCells;
			sourceTree = "<group>";
		};
		5F8C346521788BF9006370F1 /* CategoriesTabContainerControllers */ = {
			isa = PBXGroup;
			children = (
				5F8C346621788C1C006370F1 /* SmallContainerControllers */,
				5F7CBED82172779B002F6E9E /* CategoriesController.swift */,
				5F7CBEDA21727C55002F6E9E /* SpecificCategoryController.swift */,
				5F8C343921773478006370F1 /* SpecificController.swift */,
			);
			path = CategoriesTabContainerControllers;
			sourceTree = "<group>";
		};
		5F8C346621788C1C006370F1 /* SmallContainerControllers */ = {
			isa = PBXGroup;
			children = (
				5F8C343B21775F67006370F1 /* ServicesController.swift */,
				5F8C343D21775F7C006370F1 /* ReviewsController.swift */,
			);
			path = SmallContainerControllers;
			sourceTree = "<group>";
		};
		5F8C346721788C58006370F1 /* IntroControllers */ = {
			isa = PBXGroup;
			children = (
				5F2669E9216F9B2E00E6D652 /* RegistrationController.swift */,
				5F2669EB216FA98600E6D652 /* LoginController.swift */,
			);
			path = IntroControllers;
			sourceTree = "<group>";
		};
		5FA62DF62185B71800531124 /* DesignableX */ = {
			isa = PBXGroup;
			children = (
				5FA62DF72185B71800531124 /* UIViewXRadialGradient.swift */,
				5FA62DF82185B71800531124 /* UITextFieldX.swift */,
				5FA62DF92185B71800531124 /* UIButtonX.swift */,
				5FA62DFA2185B71800531124 /* UILabelX.swift */,
				5FA62DFB2185B71800531124 /* UIViewAnchorPoint.swift */,
				5FA62DFC2185B71800531124 /* UIViewControllerX.swift */,
				5FA62DFD2185B71800531124 /* UIImageViewX.swift */,
				5FA62DFE2185B71800531124 /* UIViewX.swift */,
				5FA62DFF2185B71800531124 /* UIVisualEffectViewX.swift */,
				5FA62E002185B71800531124 /* UISliderX.swift */,
			);
			path = DesignableX;
			sourceTree = "<group>";
		};
		5FA62E0B2185B74700531124 /* CustomControls */ = {
			isa = PBXGroup;
			children = (
				5FA62E0C2185B75700531124 /* CustomButton.swift */,
			);
			path = CustomControls;
			sourceTree = "<group>";
		};
		5FA62E0E2185B77200531124 /* AccountControllers */ = {
			isa = PBXGroup;
			children = (
				5F8C346A217890B8006370F1 /* AccountController.swift */,
			);
			path = AccountControllers;
			sourceTree = "<group>";
		};
		68574AD39ACBC4F8F5E5F752 /* Frameworks */ = {
			isa = PBXGroup;
			children = (
				F34D020329EEEBC258EA20CB /* Pods_Tabula.framework */,
				A3CC6819A4CE48CD19104F89 /* Pods_TabulaTests.framework */,
				EADAAE8C9367ED400D6C3CCD /* Pods_TabulaUITests.framework */,
			);
			name = Frameworks;
			sourceTree = "<group>";
		};
		A903604F7E7AD47BA15E3BD1 /* Pods */ = {
			isa = PBXGroup;
			children = (
				E7D1983DCE0EB69C01DD8041 /* Pods-Tabula.debug.xcconfig */,
				51976813264EDFDAC700F3AF /* Pods-Tabula.release.xcconfig */,
				250427B62C2592B12DD5C4D7 /* Pods-TabulaTests.debug.xcconfig */,
				FFB67B4D743EBBF7B46C0E00 /* Pods-TabulaTests.release.xcconfig */,
				11984828087B18DBC498E150 /* Pods-TabulaUITests.debug.xcconfig */,
				A1F6205EB45295EBB020862C /* Pods-TabulaUITests.release.xcconfig */,
			);
			name = Pods;
			sourceTree = "<group>";
		};
/* End PBXGroup section */

/* Begin PBXNativeTarget section */
		5F71607E216A457000179291 /* Tabula */ = {
			isa = PBXNativeTarget;
			buildConfigurationList = 5F7160A7216A457200179291 /* Build configuration list for PBXNativeTarget "Tabula" */;
			buildPhases = (
				998AD3E751213AF55F8BAA25 /* [CP] Check Pods Manifest.lock */,
				5F71607B216A457000179291 /* Sources */,
				5F71607C216A457000179291 /* Frameworks */,
				5F71607D216A457000179291 /* Resources */,
				5EB2C00A7A796DF44697E5BD /* [CP] Embed Pods Frameworks */,
				4B7A84BAC2FD3690F78D40C1 /* [CP] Copy Pods Resources */,
			);
			buildRules = (
			);
			dependencies = (
			);
			name = Tabula;
			productName = Tabula;
			productReference = 5F71607F216A457000179291 /* Tabula.app */;
			productType = "com.apple.product-type.application";
		};
		5F716092216A457200179291 /* TabulaTests */ = {
			isa = PBXNativeTarget;
			buildConfigurationList = 5F7160AA216A457200179291 /* Build configuration list for PBXNativeTarget "TabulaTests" */;
			buildPhases = (
				0DE21F91C500312753E44821 /* [CP] Check Pods Manifest.lock */,
				5F71608F216A457200179291 /* Sources */,
				5F716090216A457200179291 /* Frameworks */,
				5F716091216A457200179291 /* Resources */,
			);
			buildRules = (
			);
			dependencies = (
				5F716095216A457200179291 /* PBXTargetDependency */,
			);
			name = TabulaTests;
			productName = TabulaTests;
			productReference = 5F716093216A457200179291 /* TabulaTests.xctest */;
			productType = "com.apple.product-type.bundle.unit-test";
		};
		5F71609D216A457200179291 /* TabulaUITests */ = {
			isa = PBXNativeTarget;
			buildConfigurationList = 5F7160AD216A457200179291 /* Build configuration list for PBXNativeTarget "TabulaUITests" */;
			buildPhases = (
				A255DA52F18EA163B7EB8B66 /* [CP] Check Pods Manifest.lock */,
				5F71609A216A457200179291 /* Sources */,
				5F71609B216A457200179291 /* Frameworks */,
				5F71609C216A457200179291 /* Resources */,
			);
			buildRules = (
			);
			dependencies = (
				5F7160A0216A457200179291 /* PBXTargetDependency */,
			);
			name = TabulaUITests;
			productName = TabulaUITests;
			productReference = 5F71609E216A457200179291 /* TabulaUITests.xctest */;
			productType = "com.apple.product-type.bundle.ui-testing";
		};
/* End PBXNativeTarget section */

/* Begin PBXProject section */
		5F716077216A457000179291 /* Project object */ = {
			isa = PBXProject;
			attributes = {
				LastSwiftUpdateCheck = 0940;
				LastUpgradeCheck = 0940;
				ORGANIZATIONNAME = "Adi Veliman";
				TargetAttributes = {
					5F71607E216A457000179291 = {
						CreatedOnToolsVersion = 9.4.1;
					};
					5F716092216A457200179291 = {
						CreatedOnToolsVersion = 9.4.1;
						TestTargetID = 5F71607E216A457000179291;
					};
					5F71609D216A457200179291 = {
						CreatedOnToolsVersion = 9.4.1;
						TestTargetID = 5F71607E216A457000179291;
					};
				};
			};
			buildConfigurationList = 5F71607A216A457000179291 /* Build configuration list for PBXProject "Tabula" */;
			compatibilityVersion = "Xcode 9.3";
			developmentRegion = en;
			hasScannedForEncodings = 0;
			knownRegions = (
				en,
				Base,
			);
			mainGroup = 5F716076216A457000179291;
			productRefGroup = 5F716080216A457000179291 /* Products */;
			projectDirPath = "";
			projectRoot = "";
			targets = (
				5F71607E216A457000179291 /* Tabula */,
				5F716092216A457200179291 /* TabulaTests */,
				5F71609D216A457200179291 /* TabulaUITests */,
			);
		};
/* End PBXProject section */

/* Begin PBXResourcesBuildPhase section */
		5F71607D216A457000179291 /* Resources */ = {
			isa = PBXResourcesBuildPhase;
			buildActionMask = 2147483647;
			files = (
				5F71608D216A457200179291 /* LaunchScreen.storyboard in Resources */,
				5F3A3FA32170A0CB00E255C2 /* credentials.plist in Resources */,
				5F71608A216A457200179291 /* Assets.xcassets in Resources */,
				5F716088216A457000179291 /* Main.storyboard in Resources */,
			);
			runOnlyForDeploymentPostprocessing = 0;
		};
		5F716091216A457200179291 /* Resources */ = {
			isa = PBXResourcesBuildPhase;
			buildActionMask = 2147483647;
			files = (
			);
			runOnlyForDeploymentPostprocessing = 0;
		};
		5F71609C216A457200179291 /* Resources */ = {
			isa = PBXResourcesBuildPhase;
			buildActionMask = 2147483647;
			files = (
			);
			runOnlyForDeploymentPostprocessing = 0;
		};
/* End PBXResourcesBuildPhase section */

/* Begin PBXShellScriptBuildPhase section */
		0DE21F91C500312753E44821 /* [CP] Check Pods Manifest.lock */ = {
			isa = PBXShellScriptBuildPhase;
			buildActionMask = 2147483647;
			files = (
			);
			inputFileListPaths = (
			);
			inputPaths = (
				"${PODS_PODFILE_DIR_PATH}/Podfile.lock",
				"${PODS_ROOT}/Manifest.lock",
			);
			name = "[CP] Check Pods Manifest.lock";
			outputFileListPaths = (
			);
			outputPaths = (
				"$(DERIVED_FILE_DIR)/Pods-TabulaTests-checkManifestLockResult.txt",
			);
			runOnlyForDeploymentPostprocessing = 0;
			shellPath = /bin/sh;
			shellScript = "diff \"${PODS_PODFILE_DIR_PATH}/Podfile.lock\" \"${PODS_ROOT}/Manifest.lock\" > /dev/null\nif [ $? != 0 ] ; then\n    # print error to STDERR\n    echo \"error: The sandbox is not in sync with the Podfile.lock. Run 'pod install' or update your CocoaPods installation.\" >&2\n    exit 1\nfi\n# This output is used by Xcode 'outputs' to avoid re-running this script phase.\necho \"SUCCESS\" > \"${SCRIPT_OUTPUT_FILE_0}\"\n";
			showEnvVarsInLog = 0;
		};
		4B7A84BAC2FD3690F78D40C1 /* [CP] Copy Pods Resources */ = {
			isa = PBXShellScriptBuildPhase;
			buildActionMask = 2147483647;
			files = (
			);
			inputFileListPaths = (
			);
			inputPaths = (
				"${SRCROOT}/Pods/Target Support Files/Pods-Tabula/Pods-Tabula-resources.sh",
				"${PODS_ROOT}/GoogleSignIn/Resources/GoogleSignIn.bundle",
			);
			name = "[CP] Copy Pods Resources";
			outputFileListPaths = (
			);
			outputPaths = (
				"${TARGET_BUILD_DIR}/${UNLOCALIZED_RESOURCES_FOLDER_PATH}/GoogleSignIn.bundle",
			);
			runOnlyForDeploymentPostprocessing = 0;
			shellPath = /bin/sh;
			shellScript = "\"${SRCROOT}/Pods/Target Support Files/Pods-Tabula/Pods-Tabula-resources.sh\"\n";
			showEnvVarsInLog = 0;
		};
		5EB2C00A7A796DF44697E5BD /* [CP] Embed Pods Frameworks */ = {
			isa = PBXShellScriptBuildPhase;
			buildActionMask = 2147483647;
			files = (
			);
			inputFileListPaths = (
			);
			inputPaths = (
				"${SRCROOT}/Pods/Target Support Files/Pods-Tabula/Pods-Tabula-frameworks.sh",
				"${BUILT_PRODUCTS_DIR}/ADMozaicCollectionViewLayout/ADMozaicCollectionViewLayout.framework",
				"${BUILT_PRODUCTS_DIR}/Alamofire/Alamofire.framework",
				"${BUILT_PRODUCTS_DIR}/Auk/Auk.framework",
				"${BUILT_PRODUCTS_DIR}/Bolts/Bolts.framework",
				"${BUILT_PRODUCTS_DIR}/Cosmos/Cosmos.framework",
				"${BUILT_PRODUCTS_DIR}/FBSDKCoreKit/FBSDKCoreKit.framework",
				"${BUILT_PRODUCTS_DIR}/FBSDKLoginKit/FBSDKLoginKit.framework",
				"${BUILT_PRODUCTS_DIR}/FBSDKShareKit/FBSDKShareKit.framework",
				"${BUILT_PRODUCTS_DIR}/FacebookCore/FacebookCore.framework",
				"${BUILT_PRODUCTS_DIR}/FacebookLogin/FacebookLogin.framework",
				"${BUILT_PRODUCTS_DIR}/FacebookShare/FacebookShare.framework",
				"${BUILT_PRODUCTS_DIR}/GTMOAuth2/GTMOAuth2.framework",
				"${BUILT_PRODUCTS_DIR}/GTMSessionFetcher/GTMSessionFetcher.framework",
				"${BUILT_PRODUCTS_DIR}/GoogleToolboxForMac/GoogleToolboxForMac.framework",
				"${BUILT_PRODUCTS_DIR}/moa/moa.framework",
			);
			name = "[CP] Embed Pods Frameworks";
			outputFileListPaths = (
			);
			outputPaths = (
				"${TARGET_BUILD_DIR}/${FRAMEWORKS_FOLDER_PATH}/ADMozaicCollectionViewLayout.framework",
				"${TARGET_BUILD_DIR}/${FRAMEWORKS_FOLDER_PATH}/Alamofire.framework",
				"${TARGET_BUILD_DIR}/${FRAMEWORKS_FOLDER_PATH}/Auk.framework",
				"${TARGET_BUILD_DIR}/${FRAMEWORKS_FOLDER_PATH}/Bolts.framework",
				"${TARGET_BUILD_DIR}/${FRAMEWORKS_FOLDER_PATH}/Cosmos.framework",
				"${TARGET_BUILD_DIR}/${FRAMEWORKS_FOLDER_PATH}/FBSDKCoreKit.framework",
				"${TARGET_BUILD_DIR}/${FRAMEWORKS_FOLDER_PATH}/FBSDKLoginKit.framework",
				"${TARGET_BUILD_DIR}/${FRAMEWORKS_FOLDER_PATH}/FBSDKShareKit.framework",
				"${TARGET_BUILD_DIR}/${FRAMEWORKS_FOLDER_PATH}/FacebookCore.framework",
				"${TARGET_BUILD_DIR}/${FRAMEWORKS_FOLDER_PATH}/FacebookLogin.framework",
				"${TARGET_BUILD_DIR}/${FRAMEWORKS_FOLDER_PATH}/FacebookShare.framework",
				"${TARGET_BUILD_DIR}/${FRAMEWORKS_FOLDER_PATH}/GTMOAuth2.framework",
				"${TARGET_BUILD_DIR}/${FRAMEWORKS_FOLDER_PATH}/GTMSessionFetcher.framework",
				"${TARGET_BUILD_DIR}/${FRAMEWORKS_FOLDER_PATH}/GoogleToolboxForMac.framework",
				"${TARGET_BUILD_DIR}/${FRAMEWORKS_FOLDER_PATH}/moa.framework",
			);
			runOnlyForDeploymentPostprocessing = 0;
			shellPath = /bin/sh;
			shellScript = "\"${SRCROOT}/Pods/Target Support Files/Pods-Tabula/Pods-Tabula-frameworks.sh\"\n";
			showEnvVarsInLog = 0;
		};
		998AD3E751213AF55F8BAA25 /* [CP] Check Pods Manifest.lock */ = {
			isa = PBXShellScriptBuildPhase;
			buildActionMask = 2147483647;
			files = (
			);
			inputFileListPaths = (
			);
			inputPaths = (
				"${PODS_PODFILE_DIR_PATH}/Podfile.lock",
				"${PODS_ROOT}/Manifest.lock",
			);
			name = "[CP] Check Pods Manifest.lock";
			outputFileListPaths = (
			);
			outputPaths = (
				"$(DERIVED_FILE_DIR)/Pods-Tabula-checkManifestLockResult.txt",
			);
			runOnlyForDeploymentPostprocessing = 0;
			shellPath = /bin/sh;
			shellScript = "diff \"${PODS_PODFILE_DIR_PATH}/Podfile.lock\" \"${PODS_ROOT}/Manifest.lock\" > /dev/null\nif [ $? != 0 ] ; then\n    # print error to STDERR\n    echo \"error: The sandbox is not in sync with the Podfile.lock. Run 'pod install' or update your CocoaPods installation.\" >&2\n    exit 1\nfi\n# This output is used by Xcode 'outputs' to avoid re-running this script phase.\necho \"SUCCESS\" > \"${SCRIPT_OUTPUT_FILE_0}\"\n";
			showEnvVarsInLog = 0;
		};
		A255DA52F18EA163B7EB8B66 /* [CP] Check Pods Manifest.lock */ = {
			isa = PBXShellScriptBuildPhase;
			buildActionMask = 2147483647;
			files = (
			);
			inputFileListPaths = (
			);
			inputPaths = (
				"${PODS_PODFILE_DIR_PATH}/Podfile.lock",
				"${PODS_ROOT}/Manifest.lock",
			);
			name = "[CP] Check Pods Manifest.lock";
			outputFileListPaths = (
			);
			outputPaths = (
				"$(DERIVED_FILE_DIR)/Pods-TabulaUITests-checkManifestLockResult.txt",
			);
			runOnlyForDeploymentPostprocessing = 0;
			shellPath = /bin/sh;
			shellScript = "diff \"${PODS_PODFILE_DIR_PATH}/Podfile.lock\" \"${PODS_ROOT}/Manifest.lock\" > /dev/null\nif [ $? != 0 ] ; then\n    # print error to STDERR\n    echo \"error: The sandbox is not in sync with the Podfile.lock. Run 'pod install' or update your CocoaPods installation.\" >&2\n    exit 1\nfi\n# This output is used by Xcode 'outputs' to avoid re-running this script phase.\necho \"SUCCESS\" > \"${SCRIPT_OUTPUT_FILE_0}\"\n";
			showEnvVarsInLog = 0;
		};
/* End PBXShellScriptBuildPhase section */

/* Begin PBXSourcesBuildPhase section */
		5F71607B216A457000179291 /* Sources */ = {
			isa = PBXSourcesBuildPhase;
			buildActionMask = 2147483647;
			files = (
				5F25F048218A5DB900F6DA99 /* ReviewPopUpController.swift in Sources */,
				5FA62E052185B71800531124 /* UIViewAnchorPoint.swift in Sources */,
				5F2669EA216F9B2E00E6D652 /* RegistrationController.swift in Sources */,
				5F12CD75218E0A64002D7823 /* PromotionCardType1Cell.swift in Sources */,
				5F7CBED721727702002F6E9E /* CategoriesCell.swift in Sources */,
				5FA62E032185B71800531124 /* UIButtonX.swift in Sources */,
				5F12CD7B218E2478002D7823 /* MainController.swift in Sources */,
				5F60375C2176136400709C69 /* ContainerViewController.swift in Sources */,
				5F8C346B217890B8006370F1 /* AccountController.swift in Sources */,
				5F2669EC216FA98600E6D652 /* LoginController.swift in Sources */,
				5F8C343A21773478006370F1 /* SpecificController.swift in Sources */,
				5F7CBEE321738867002F6E9E /* CategoriesTabController.swift in Sources */,
				5F5A761121808C4300FDBA6F /* Extensions.swift in Sources */,
				5FA62E062185B71800531124 /* UIViewControllerX.swift in Sources */,
				5F7CBEDD21727C74002F6E9E /* SpecificCategoryCell.swift in Sources */,
				5F8C343C21775F67006370F1 /* ServicesController.swift in Sources */,
				5F8C343E21775F7C006370F1 /* ReviewsController.swift in Sources */,
				5FA62E0D2185B75700531124 /* CustomButton.swift in Sources */,
				5F60375D2176136400709C69 /* EmptySegue.swift in Sources */,
				5F5A760D21807B8E00FDBA6F /* NetworkServices.swift in Sources */,
				5F7CBED92172779B002F6E9E /* CategoriesController.swift in Sources */,
				5FA62E082185B71800531124 /* UIViewX.swift in Sources */,
				5FA62E0A2185B71800531124 /* UISliderX.swift in Sources */,
				5FA62E072185B71800531124 /* UIImageViewX.swift in Sources */,
				5F7CBEDB21727C55002F6E9E /* SpecificCategoryController.swift in Sources */,
				5F8C344221776139006370F1 /* ServiceCell.swift in Sources */,
				5F12CD79218E0A81002D7823 /* PromotionCardType3Cell.swift in Sources */,
				5F5A760F21808B9600FDBA6F /* Models.swift in Sources */,
				5FA62E092185B71800531124 /* UIVisualEffectViewX.swift in Sources */,
				5F716083216A457000179291 /* AppDelegate.swift in Sources */,
				5FA62E102185C43600531124 /* CustomCellFilter.swift in Sources */,
				5F12CD72218DB51C002D7823 /* PromotionCollectionController.swift in Sources */,
				5FA62E042185B71800531124 /* UILabelX.swift in Sources */,
				5F12CD6F218DAA6A002D7823 /* PromotionsTabController.swift in Sources */,
				5FA62E022185B71800531124 /* UITextFieldX.swift in Sources */,
				5F12CD77218E0A74002D7823 /* PromotionCardType2Cell.swift in Sources */,
				5FA62E012185B71800531124 /* UIViewXRadialGradient.swift in Sources */,
				5F8C344021776128006370F1 /* ReviewCell.swift in Sources */,
			);
			runOnlyForDeploymentPostprocessing = 0;
		};
		5F71608F216A457200179291 /* Sources */ = {
			isa = PBXSourcesBuildPhase;
			buildActionMask = 2147483647;
			files = (
				5F716098216A457200179291 /* TabulaTests.swift in Sources */,
			);
			runOnlyForDeploymentPostprocessing = 0;
		};
		5F71609A216A457200179291 /* Sources */ = {
			isa = PBXSourcesBuildPhase;
			buildActionMask = 2147483647;
			files = (
				5F7160A3216A457200179291 /* TabulaUITests.swift in Sources */,
			);
			runOnlyForDeploymentPostprocessing = 0;
		};
/* End PBXSourcesBuildPhase section */

/* Begin PBXTargetDependency section */
		5F716095216A457200179291 /* PBXTargetDependency */ = {
			isa = PBXTargetDependency;
			target = 5F71607E216A457000179291 /* Tabula */;
			targetProxy = 5F716094216A457200179291 /* PBXContainerItemProxy */;
		};
		5F7160A0216A457200179291 /* PBXTargetDependency */ = {
			isa = PBXTargetDependency;
			target = 5F71607E216A457000179291 /* Tabula */;
			targetProxy = 5F71609F216A457200179291 /* PBXContainerItemProxy */;
		};
/* End PBXTargetDependency section */

/* Begin PBXVariantGroup section */
		5F716086216A457000179291 /* Main.storyboard */ = {
			isa = PBXVariantGroup;
			children = (
				5F716087216A457000179291 /* Base */,
			);
			name = Main.storyboard;
			sourceTree = "<group>";
		};
		5F71608B216A457200179291 /* LaunchScreen.storyboard */ = {
			isa = PBXVariantGroup;
			children = (
				5F71608C216A457200179291 /* Base */,
			);
			name = LaunchScreen.storyboard;
			sourceTree = "<group>";
		};
/* End PBXVariantGroup section */

/* Begin XCBuildConfiguration section */
		5F7160A5216A457200179291 /* Debug */ = {
			isa = XCBuildConfiguration;
			buildSettings = {
				ALWAYS_SEARCH_USER_PATHS = NO;
				CLANG_ANALYZER_NONNULL = YES;
				CLANG_ANALYZER_NUMBER_OBJECT_CONVERSION = YES_AGGRESSIVE;
				CLANG_CXX_LANGUAGE_STANDARD = "gnu++14";
				CLANG_CXX_LIBRARY = "libc++";
				CLANG_ENABLE_MODULES = YES;
				CLANG_ENABLE_OBJC_ARC = YES;
				CLANG_ENABLE_OBJC_WEAK = YES;
				CLANG_WARN_BLOCK_CAPTURE_AUTORELEASING = YES;
				CLANG_WARN_BOOL_CONVERSION = YES;
				CLANG_WARN_COMMA = YES;
				CLANG_WARN_CONSTANT_CONVERSION = YES;
				CLANG_WARN_DEPRECATED_OBJC_IMPLEMENTATIONS = YES;
				CLANG_WARN_DIRECT_OBJC_ISA_USAGE = YES_ERROR;
				CLANG_WARN_DOCUMENTATION_COMMENTS = YES;
				CLANG_WARN_EMPTY_BODY = YES;
				CLANG_WARN_ENUM_CONVERSION = YES;
				CLANG_WARN_INFINITE_RECURSION = YES;
				CLANG_WARN_INT_CONVERSION = YES;
				CLANG_WARN_NON_LITERAL_NULL_CONVERSION = YES;
				CLANG_WARN_OBJC_IMPLICIT_RETAIN_SELF = YES;
				CLANG_WARN_OBJC_LITERAL_CONVERSION = YES;
				CLANG_WARN_OBJC_ROOT_CLASS = YES_ERROR;
				CLANG_WARN_RANGE_LOOP_ANALYSIS = YES;
				CLANG_WARN_STRICT_PROTOTYPES = YES;
				CLANG_WARN_SUSPICIOUS_MOVE = YES;
				CLANG_WARN_UNGUARDED_AVAILABILITY = YES_AGGRESSIVE;
				CLANG_WARN_UNREACHABLE_CODE = YES;
				CLANG_WARN__DUPLICATE_METHOD_MATCH = YES;
				CODE_SIGN_IDENTITY = "iPhone Developer";
				COPY_PHASE_STRIP = NO;
				DEBUG_INFORMATION_FORMAT = dwarf;
				ENABLE_STRICT_OBJC_MSGSEND = YES;
				ENABLE_TESTABILITY = YES;
				GCC_C_LANGUAGE_STANDARD = gnu11;
				GCC_DYNAMIC_NO_PIC = NO;
				GCC_NO_COMMON_BLOCKS = YES;
				GCC_OPTIMIZATION_LEVEL = 0;
				GCC_PREPROCESSOR_DEFINITIONS = (
					"DEBUG=1",
					"$(inherited)",
				);
				GCC_WARN_64_TO_32_BIT_CONVERSION = YES;
				GCC_WARN_ABOUT_RETURN_TYPE = YES_ERROR;
				GCC_WARN_UNDECLARED_SELECTOR = YES;
				GCC_WARN_UNINITIALIZED_AUTOS = YES_AGGRESSIVE;
				GCC_WARN_UNUSED_FUNCTION = YES;
				GCC_WARN_UNUSED_VARIABLE = YES;
				IPHONEOS_DEPLOYMENT_TARGET = 11.4;
				MTL_ENABLE_DEBUG_INFO = YES;
				ONLY_ACTIVE_ARCH = YES;
				SDKROOT = iphoneos;
				SWIFT_ACTIVE_COMPILATION_CONDITIONS = DEBUG;
				SWIFT_OPTIMIZATION_LEVEL = "-Onone";
			};
			name = Debug;
		};
		5F7160A6216A457200179291 /* Release */ = {
			isa = XCBuildConfiguration;
			buildSettings = {
				ALWAYS_SEARCH_USER_PATHS = NO;
				CLANG_ANALYZER_NONNULL = YES;
				CLANG_ANALYZER_NUMBER_OBJECT_CONVERSION = YES_AGGRESSIVE;
				CLANG_CXX_LANGUAGE_STANDARD = "gnu++14";
				CLANG_CXX_LIBRARY = "libc++";
				CLANG_ENABLE_MODULES = YES;
				CLANG_ENABLE_OBJC_ARC = YES;
				CLANG_ENABLE_OBJC_WEAK = YES;
				CLANG_WARN_BLOCK_CAPTURE_AUTORELEASING = YES;
				CLANG_WARN_BOOL_CONVERSION = YES;
				CLANG_WARN_COMMA = YES;
				CLANG_WARN_CONSTANT_CONVERSION = YES;
				CLANG_WARN_DEPRECATED_OBJC_IMPLEMENTATIONS = YES;
				CLANG_WARN_DIRECT_OBJC_ISA_USAGE = YES_ERROR;
				CLANG_WARN_DOCUMENTATION_COMMENTS = YES;
				CLANG_WARN_EMPTY_BODY = YES;
				CLANG_WARN_ENUM_CONVERSION = YES;
				CLANG_WARN_INFINITE_RECURSION = YES;
				CLANG_WARN_INT_CONVERSION = YES;
				CLANG_WARN_NON_LITERAL_NULL_CONVERSION = YES;
				CLANG_WARN_OBJC_IMPLICIT_RETAIN_SELF = YES;
				CLANG_WARN_OBJC_LITERAL_CONVERSION = YES;
				CLANG_WARN_OBJC_ROOT_CLASS = YES_ERROR;
				CLANG_WARN_RANGE_LOOP_ANALYSIS = YES;
				CLANG_WARN_STRICT_PROTOTYPES = YES;
				CLANG_WARN_SUSPICIOUS_MOVE = YES;
				CLANG_WARN_UNGUARDED_AVAILABILITY = YES_AGGRESSIVE;
				CLANG_WARN_UNREACHABLE_CODE = YES;
				CLANG_WARN__DUPLICATE_METHOD_MATCH = YES;
				CODE_SIGN_IDENTITY = "iPhone Developer";
				COPY_PHASE_STRIP = NO;
				DEBUG_INFORMATION_FORMAT = "dwarf-with-dsym";
				ENABLE_NS_ASSERTIONS = NO;
				ENABLE_STRICT_OBJC_MSGSEND = YES;
				GCC_C_LANGUAGE_STANDARD = gnu11;
				GCC_NO_COMMON_BLOCKS = YES;
				GCC_WARN_64_TO_32_BIT_CONVERSION = YES;
				GCC_WARN_ABOUT_RETURN_TYPE = YES_ERROR;
				GCC_WARN_UNDECLARED_SELECTOR = YES;
				GCC_WARN_UNINITIALIZED_AUTOS = YES_AGGRESSIVE;
				GCC_WARN_UNUSED_FUNCTION = YES;
				GCC_WARN_UNUSED_VARIABLE = YES;
				IPHONEOS_DEPLOYMENT_TARGET = 11.4;
				MTL_ENABLE_DEBUG_INFO = NO;
				SDKROOT = iphoneos;
				SWIFT_COMPILATION_MODE = wholemodule;
				SWIFT_OPTIMIZATION_LEVEL = "-O";
				VALIDATE_PRODUCT = YES;
			};
			name = Release;
		};
		5F7160A8216A457200179291 /* Debug */ = {
			isa = XCBuildConfiguration;
			baseConfigurationReference = E7D1983DCE0EB69C01DD8041 /* Pods-Tabula.debug.xcconfig */;
			buildSettings = {
				ASSETCATALOG_COMPILER_APPICON_NAME = AppIcon;
				CODE_SIGN_IDENTITY = "iPhone Developer";
				CODE_SIGN_STYLE = Automatic;
				DEVELOPMENT_TEAM = J5P7F323H9;
				INFOPLIST_FILE = Tabula/Info.plist;
				IPHONEOS_DEPLOYMENT_TARGET = 12.0;
				LD_RUNPATH_SEARCH_PATHS = (
					"$(inherited)",
					"@executable_path/Frameworks",
				);
				PRODUCT_BUNDLE_IDENTIFIER = com.Tabula;
				PRODUCT_NAME = "$(TARGET_NAME)";
				PROVISIONING_PROFILE_SPECIFIER = "";
				SWIFT_VERSION = 4.0;
				TARGETED_DEVICE_FAMILY = "1,2";
			};
			name = Debug;
		};
		5F7160A9216A457200179291 /* Release */ = {
			isa = XCBuildConfiguration;
			baseConfigurationReference = 51976813264EDFDAC700F3AF /* Pods-Tabula.release.xcconfig */;
			buildSettings = {
				ASSETCATALOG_COMPILER_APPICON_NAME = AppIcon;
				CODE_SIGN_IDENTITY = "iPhone Developer";
				CODE_SIGN_STYLE = Automatic;
				DEVELOPMENT_TEAM = J5P7F323H9;
				INFOPLIST_FILE = Tabula/Info.plist;
				IPHONEOS_DEPLOYMENT_TARGET = 12.0;
				LD_RUNPATH_SEARCH_PATHS = (
					"$(inherited)",
					"@executable_path/Frameworks",
				);
				PRODUCT_BUNDLE_IDENTIFIER = com.Tabula;
				PRODUCT_NAME = "$(TARGET_NAME)";
				PROVISIONING_PROFILE_SPECIFIER = "";
				SWIFT_VERSION = 4.0;
				TARGETED_DEVICE_FAMILY = "1,2";
			};
			name = Release;
		};
		5F7160AB216A457200179291 /* Debug */ = {
			isa = XCBuildConfiguration;
			baseConfigurationReference = 250427B62C2592B12DD5C4D7 /* Pods-TabulaTests.debug.xcconfig */;
			buildSettings = {
				ALWAYS_EMBED_SWIFT_STANDARD_LIBRARIES = YES;
				BUNDLE_LOADER = "$(TEST_HOST)";
				CODE_SIGN_STYLE = Automatic;
				DEVELOPMENT_TEAM = J5P7F323H9;
				INFOPLIST_FILE = TabulaTests/Info.plist;
				LD_RUNPATH_SEARCH_PATHS = (
					"$(inherited)",
					"@executable_path/Frameworks",
					"@loader_path/Frameworks",
				);
				PRODUCT_BUNDLE_IDENTIFIER = com.TabulaTests;
				PRODUCT_NAME = "$(TARGET_NAME)";
				SWIFT_VERSION = 4.0;
				TARGETED_DEVICE_FAMILY = "1,2";
				TEST_HOST = "$(BUILT_PRODUCTS_DIR)/Tabula.app/Tabula";
			};
			name = Debug;
		};
		5F7160AC216A457200179291 /* Release */ = {
			isa = XCBuildConfiguration;
			baseConfigurationReference = FFB67B4D743EBBF7B46C0E00 /* Pods-TabulaTests.release.xcconfig */;
			buildSettings = {
				ALWAYS_EMBED_SWIFT_STANDARD_LIBRARIES = YES;
				BUNDLE_LOADER = "$(TEST_HOST)";
				CODE_SIGN_STYLE = Automatic;
				DEVELOPMENT_TEAM = J5P7F323H9;
				INFOPLIST_FILE = TabulaTests/Info.plist;
				LD_RUNPATH_SEARCH_PATHS = (
					"$(inherited)",
					"@executable_path/Frameworks",
					"@loader_path/Frameworks",
				);
				PRODUCT_BUNDLE_IDENTIFIER = com.TabulaTests;
				PRODUCT_NAME = "$(TARGET_NAME)";
				SWIFT_VERSION = 4.0;
				TARGETED_DEVICE_FAMILY = "1,2";
				TEST_HOST = "$(BUILT_PRODUCTS_DIR)/Tabula.app/Tabula";
			};
			name = Release;
		};
		5F7160AE216A457200179291 /* Debug */ = {
			isa = XCBuildConfiguration;
			baseConfigurationReference = 11984828087B18DBC498E150 /* Pods-TabulaUITests.debug.xcconfig */;
			buildSettings = {
				ALWAYS_EMBED_SWIFT_STANDARD_LIBRARIES = YES;
				CODE_SIGN_STYLE = Automatic;
				DEVELOPMENT_TEAM = J5P7F323H9;
				INFOPLIST_FILE = TabulaUITests/Info.plist;
				LD_RUNPATH_SEARCH_PATHS = (
					"$(inherited)",
					"@executable_path/Frameworks",
					"@loader_path/Frameworks",
				);
				PRODUCT_BUNDLE_IDENTIFIER = com.TabulaUITests;
				PRODUCT_NAME = "$(TARGET_NAME)";
				SWIFT_VERSION = 4.0;
				TARGETED_DEVICE_FAMILY = "1,2";
				TEST_TARGET_NAME = Tabula;
			};
			name = Debug;
		};
		5F7160AF216A457200179291 /* Release */ = {
			isa = XCBuildConfiguration;
			baseConfigurationReference = A1F6205EB45295EBB020862C /* Pods-TabulaUITests.release.xcconfig */;
			buildSettings = {
				ALWAYS_EMBED_SWIFT_STANDARD_LIBRARIES = YES;
				CODE_SIGN_STYLE = Automatic;
				DEVELOPMENT_TEAM = J5P7F323H9;
				INFOPLIST_FILE = TabulaUITests/Info.plist;
				LD_RUNPATH_SEARCH_PATHS = (
					"$(inherited)",
					"@executable_path/Frameworks",
					"@loader_path/Frameworks",
				);
				PRODUCT_BUNDLE_IDENTIFIER = com.TabulaUITests;
				PRODUCT_NAME = "$(TARGET_NAME)";
				SWIFT_VERSION = 4.0;
				TARGETED_DEVICE_FAMILY = "1,2";
				TEST_TARGET_NAME = Tabula;
			};
			name = Release;
		};
/* End XCBuildConfiguration section */

/* Begin XCConfigurationList section */
		5F71607A216A457000179291 /* Build configuration list for PBXProject "Tabula" */ = {
			isa = XCConfigurationList;
			buildConfigurations = (
				5F7160A5216A457200179291 /* Debug */,
				5F7160A6216A457200179291 /* Release */,
			);
			defaultConfigurationIsVisible = 0;
			defaultConfigurationName = Release;
		};
		5F7160A7216A457200179291 /* Build configuration list for PBXNativeTarget "Tabula" */ = {
			isa = XCConfigurationList;
			buildConfigurations = (
				5F7160A8216A457200179291 /* Debug */,
				5F7160A9216A457200179291 /* Release */,
			);
			defaultConfigurationIsVisible = 0;
			defaultConfigurationName = Release;
		};
		5F7160AA216A457200179291 /* Build configuration list for PBXNativeTarget "TabulaTests" */ = {
			isa = XCConfigurationList;
			buildConfigurations = (
				5F7160AB216A457200179291 /* Debug */,
				5F7160AC216A457200179291 /* Release */,
			);
			defaultConfigurationIsVisible = 0;
			defaultConfigurationName = Release;
		};
		5F7160AD216A457200179291 /* Build configuration list for PBXNativeTarget "TabulaUITests" */ = {
			isa = XCConfigurationList;
			buildConfigurations = (
				5F7160AE216A457200179291 /* Debug */,
				5F7160AF216A457200179291 /* Release */,
			);
			defaultConfigurationIsVisible = 0;
			defaultConfigurationName = Release;
		};
/* End XCConfigurationList section */
	};
	rootObject = 5F716077216A457000179291 /* Project object */;
}
